
Microsoft Visual Studio Solution File, Format Version 12.00
# Visual Studio 15
VisualStudioVersion = 15.0.27428.2043
MinimumVisualStudioVersion = 10.0.40219.1
Project("{FAE04EC0-301F-11D3-BF4B-00C04F79EFBC}") = "html-agility-pack_practice", "html-agility-pack_practice\html-agility-pack_practice.csproj", "{C810EE55-4B0C-4AE4-9851-6FB899761635}"
EndProject
Global
	GlobalSection(SolutionConfigurationPlatforms) = preSolution
		Debug|Any CPU = Debug|Any CPU
		Release|Any CPU = Release|Any CPU
	EndGlobalSection
	GlobalSection(ProjectConfigurationPlatforms) = postSolution
		{C810EE55-4B0C-4AE4-9851-6FB899761635}.Debug|Any CPU.ActiveCfg = Debug|Any CPU
		{C810EE55-4B0C-4AE4-9851-6FB899761635}.Debug|Any CPU.Build.0 = Debug|Any CPU
		{C810EE55-4B0C-4AE4-9851-6FB899761635}.Release|Any CPU.ActiveCfg = Release|Any CPU
		{C810EE55-4B0C-4AE4-9851-6FB899761635}.Release|Any CPU.Build.0 = Release|Any CPU
	EndGlobalSection
	GlobalSection(SolutionProperties) = preSolution
		HideSolutionNode = FALSE
	EndGlobalSection
	GlobalSection(ExtensibilityGlobals) = postSolution
		SolutionGuid = {DBA16CAE-F6FC-4B02-8C1A-7E9298E92B16}
	EndGlobalSection
EndGlobal
